
Microsoft Visual Studio Solution File, Format Version 12.00
# Visual Studio Version 16
VisualStudioVersion = 16.0.31205.134
MinimumVisualStudioVersion = 10.0.40219.1
Project("{FAE04EC0-301F-11D3-BF4B-00C04F79EFBC}") = "Graphs", "Graphs.csproj", "{99FA0E6B-FCE8-42E3-990B-F992A448CCB6}"
EndProject
Global
	GlobalSection(SolutionConfigurationPlatforms) = preSolution
		Debug|Any CPU = Debug|Any CPU
		Release|Any CPU = Release|Any CPU
	EndGlobalSection
	GlobalSection(ProjectConfigurationPlatforms) = postSolution
		{99FA0E6B-FCE8-42E3-990B-F992A448CCB6}.Debug|Any CPU.ActiveCfg = Debug|Any CPU
		{99FA0E6B-FCE8-42E3-990B-F992A448CCB6}.Debug|Any CPU.Build.0 = Debug|Any CPU
		{99FA0E6B-FCE8-42E3-990B-F992A448CCB6}.Release|Any CPU.ActiveCfg = Release|Any CPU
		{99FA0E6B-FCE8-42E3-990B-F992A448CCB6}.Release|Any CPU.Build.0 = Release|Any CPU
	EndGlobalSection
	GlobalSection(SolutionProperties) = preSolution
		HideSolutionNode = FALSE
	EndGlobalSection
	GlobalSection(ExtensibilityGlobals) = postSolution
		SolutionGuid = {87E48F07-B548-47F5-8421-4051ED2C6A44}
	EndGlobalSection
EndGlobal
