
Microsoft Visual Studio Solution File, Format Version 12.00
# Visual Studio Version 16
VisualStudioVersion = 16.0.31205.134
MinimumVisualStudioVersion = 10.0.40219.1
Project("{FAE04EC0-301F-11D3-BF4B-00C04F79EFBC}") = "Google-Examples", "Google-Examples.csproj", "{ACBF16BB-E74C-4A1C-A6F3-BF92A81D705F}"
EndProject
Global
	GlobalSection(SolutionConfigurationPlatforms) = preSolution
		Debug|Any CPU = Debug|Any CPU
		Release|Any CPU = Release|Any CPU
	EndGlobalSection
	GlobalSection(ProjectConfigurationPlatforms) = postSolution
		{ACBF16BB-E74C-4A1C-A6F3-BF92A81D705F}.Debug|Any CPU.ActiveCfg = Debug|Any CPU
		{ACBF16BB-E74C-4A1C-A6F3-BF92A81D705F}.Debug|Any CPU.Build.0 = Debug|Any CPU
		{ACBF16BB-E74C-4A1C-A6F3-BF92A81D705F}.Release|Any CPU.ActiveCfg = Release|Any CPU
		{ACBF16BB-E74C-4A1C-A6F3-BF92A81D705F}.Release|Any CPU.Build.0 = Release|Any CPU
	EndGlobalSection
	GlobalSection(SolutionProperties) = preSolution
		HideSolutionNode = FALSE
	EndGlobalSection
	GlobalSection(ExtensibilityGlobals) = postSolution
		SolutionGuid = {90332CCD-4B9A-4F0A-9364-D288F540655E}
	EndGlobalSection
EndGlobal
